{
  "name": "realtime-bridge",
  "version": "1.0.0",
  "lockfileVersion": 2,
  "requires": true,
  "packages": {
    "": {
      "name": "realtime-bridge",
      "version": "1.0.0",
      "license": "ISC",
      "workspaces": [
        "packages/*"
      ],
      "devDependencies": {
        "typescript": "^4.9.3"
      }
    },
    "node_modules/realtime-bridge": {
      "resolved": "packages/realtime-bridge-client",
      "link": true
    },
    "node_modules/realtime-bridge-react": {
      "resolved": "packages/realtime-bridge-react",
      "link": true
    },
    "node_modules/realtime-bridge-server": {
      "resolved": "packages/realtime-bridge-server",
      "link": true
    },
    "node_modules/rxjs": {
      "version": "7.6.0",
      "resolved": "https://registry.npmjs.org/rxjs/-/rxjs-7.6.0.tgz",
      "integrity": "sha512-DDa7d8TFNUalGC9VqXvQ1euWNN7sc63TrUCuM9J998+ViviahMIjKSOU7rfcgFOF+FCD71BhDRv4hrFz+ImDLQ==",
      "dependencies": {
        "tslib": "^2.1.0"
      }
    },
    "node_modules/tslib": {
      "version": "2.4.1",
      "resolved": "https://registry.npmjs.org/tslib/-/tslib-2.4.1.tgz",
      "integrity": "sha512-tGyy4dAjRIEwI7BzsB0lynWgOpfqjUdq91XXAlIWD2OwKBH7oCl/GZG/HT4BOHrTlPMOASlMQ7veyTqpmRcrNA=="
    },
    "node_modules/typescript": {
      "version": "4.9.3",
      "resolved": "https://registry.npmjs.org/typescript/-/typescript-4.9.3.tgz",
      "integrity": "sha512-CIfGzTelbKNEnLpLdGFgdyKhG23CKdKgQPOBc+OUNrkJ2vr+KSzsSV5kq5iWhEQbok+quxgGzrAtGWCyU7tHnA==",
      "dev": true,
      "bin": {
        "tsc": "bin/tsc",
        "tsserver": "bin/tsserver"
      },
      "engines": {
        "node": ">=4.2.0"
      }
    },
    "packages/realtime-bridge": {
      "version": "1.0.0",
      "extraneous": true,
      "license": "ISC",
      "dependencies": {
        "rxjs": "^7.6.0"
      }
    },
    "packages/realtime-bridge-client": {
      "version": "1.0.0",
      "license": "ISC",
      "dependencies": {
        "rxjs": "^7.6.0"
      }
    },
    "packages/realtime-bridge-react": {
      "version": "1.0.0",
      "license": "ISC"
    },
    "packages/realtime-bridge-server": {
      "version": "1.0.0",
      "license": "ISC"
    }
  },
  "dependencies": {
    "realtime-bridge": {
      "version": "file:packages/realtime-bridge-client",
      "requires": {
        "rxjs": "^7.6.0"
      }
    },
    "realtime-bridge-react": {
      "version": "file:packages/realtime-bridge-react"
    },
    "realtime-bridge-server": {
      "version": "file:packages/realtime-bridge-server"
    },
    "rxjs": {
      "version": "7.6.0",
      "resolved": "https://registry.npmjs.org/rxjs/-/rxjs-7.6.0.tgz",
      "integrity": "sha512-DDa7d8TFNUalGC9VqXvQ1euWNN7sc63TrUCuM9J998+ViviahMIjKSOU7rfcgFOF+FCD71BhDRv4hrFz+ImDLQ==",
      "requires": {
        "tslib": "^2.1.0"
      }
    },
    "tslib": {
      "version": "2.4.1",
      "resolved": "https://registry.npmjs.org/tslib/-/tslib-2.4.1.tgz",
      "integrity": "sha512-tGyy4dAjRIEwI7BzsB0lynWgOpfqjUdq91XXAlIWD2OwKBH7oCl/GZG/HT4BOHrTlPMOASlMQ7veyTqpmRcrNA=="
    },
    "typescript": {
      "version": "4.9.3",
      "resolved": "https://registry.npmjs.org/typescript/-/typescript-4.9.3.tgz",
      "integrity": "sha512-CIfGzTelbKNEnLpLdGFgdyKhG23CKdKgQPOBc+OUNrkJ2vr+KSzsSV5kq5iWhEQbok+quxgGzrAtGWCyU7tHnA==",
      "dev": true
    }
  }
}
